
Microsoft Visual Studio Solution File, Format Version 12.00
# Visual Studio Version 17
VisualStudioVersion = 17.14.36414.22
MinimumVisualStudioVersion = 10.0.40219.1
Project("{FAE04EC0-301F-11D3-BF4B-00C04F79EFBC}") = "RF-Schedule", "RF-Schedule\RF-Schedule.csproj", "{08CA6338-5320-485F-836A-DCA909FD5DAE}"
EndProject
Project("{FAE04EC0-301F-11D3-BF4B-00C04F79EFBC}") = "RFScheduling.Domain", "RFScheduling.Domain\RFScheduling.Domain.csproj", "{E9E490A1-DCD9-45B0-8733-C889A4A6D33E}"
EndProject
Global
	GlobalSection(SolutionConfigurationPlatforms) = preSolution
		Debug|Any CPU = Debug|Any CPU
		Release|Any CPU = Release|Any CPU
	EndGlobalSection
	GlobalSection(ProjectConfigurationPlatforms) = postSolution
		{08CA6338-5320-485F-836A-DCA909FD5DAE}.Debug|Any CPU.ActiveCfg = Debug|Any CPU
		{08CA6338-5320-485F-836A-DCA909FD5DAE}.Debug|Any CPU.Build.0 = Debug|Any CPU
		{08CA6338-5320-485F-836A-DCA909FD5DAE}.Release|Any CPU.ActiveCfg = Release|Any CPU
		{08CA6338-5320-485F-836A-DCA909FD5DAE}.Release|Any CPU.Build.0 = Release|Any CPU
		{E9E490A1-DCD9-45B0-8733-C889A4A6D33E}.Debug|Any CPU.ActiveCfg = Debug|Any CPU
		{E9E490A1-DCD9-45B0-8733-C889A4A6D33E}.Debug|Any CPU.Build.0 = Debug|Any CPU
		{E9E490A1-DCD9-45B0-8733-C889A4A6D33E}.Release|Any CPU.ActiveCfg = Release|Any CPU
		{E9E490A1-DCD9-45B0-8733-C889A4A6D33E}.Release|Any CPU.Build.0 = Release|Any CPU
	EndGlobalSection
	GlobalSection(SolutionProperties) = preSolution
		HideSolutionNode = FALSE
	EndGlobalSection
	GlobalSection(ExtensibilityGlobals) = postSolution
		SolutionGuid = {254F9758-D78A-4B9F-B1EC-A459BAE448D4}
	EndGlobalSection
EndGlobal
